Microsoft Visual Studio Solution File, Format Version 12.00
# Visual Studio 15
VisualStudioVersion = 15.0.27703.2000
MinimumVisualStudioVersion = 10.0.40219.1
Project("{9A19103F-16F7-4668-BE54-9A1E7A4F7556}") = "EasyOrderWeb", "EasyOrderWeb\EasyOrderWeb.csproj", "{119B97D3-10A5-44E5-B3EA-C44B66869661}"
EndProject
Project("{9A19103F-16F7-4668-BE54-9A1E7A4F7556}") = "DatabaseLayer", "DatabaseLayer\DatabaseLayer.csproj", "{B3CFDC79-C5FB-401A-8362-4A01B8648944}"
EndProject
Global
	GlobalSection(SolutionConfigurationPlatforms) = preSolution
		Debug|Any CPU = Debug|Any CPU
		Release|Any CPU = Release|Any CPU
	EndGlobalSection
	GlobalSection(ProjectConfigurationPlatforms) = postSolution
		{119B97D3-10A5-44E5-B3EA-C44B66869661}.Debug|Any CPU.ActiveCfg = Debug|Any CPU
		{119B97D3-10A5-44E5-B3EA-C44B66869661}.Debug|Any CPU.Build.0 = Debug|Any CPU
		{119B97D3-10A5-44E5-B3EA-C44B66869661}.Release|Any CPU.ActiveCfg = Release|Any CPU
		{119B97D3-10A5-44E5-B3EA-C44B66869661}.Release|Any CPU.Build.0 = Release|Any CPU
		{B3CFDC79-C5FB-401A-8362-4A01B8648944}.Debug|Any CPU.ActiveCfg = Debug|Any CPU
		{B3CFDC79-C5FB-401A-8362-4A01B8648944}.Debug|Any CPU.Build.0 = Debug|Any CPU
		{B3CFDC79-C5FB-401A-8362-4A01B8648944}.Release|Any CPU.ActiveCfg = Release|Any CPU
		{B3CFDC79-C5FB-401A-8362-4A01B8648944}.Release|Any CPU.Build.0 = Release|Any CPU
	EndGlobalSection
	GlobalSection(SolutionProperties) = preSolution
		HideSolutionNode = FALSE
	EndGlobalSection
	GlobalSection(ExtensibilityGlobals) = postSolution
		SolutionGuid = {40AE1F45-6DF4-4D23-8AA3-C4410C9BCB05}
	EndGlobalSection
EndGlobal
